
Microsoft Visual Studio Solution File, Format Version 12.00
# Visual Studio Version 17
VisualStudioVersion = 17.13.35818.85 d17.13
MinimumVisualStudioVersion = 10.0.40219.1
Project("{FAE04EC0-301F-11D3-BF4B-00C04F79EFBC}") = "OCTGui", "OCTGui\OCTGui.csproj", "{A6A28E51-0937-4D42-BFAE-5BAA3C4DD1C5}"
EndProject
Global
	GlobalSection(SolutionConfigurationPlatforms) = preSolution
		Debug|Any CPU = Debug|Any CPU
		Release|Any CPU = Release|Any CPU
	EndGlobalSection
	GlobalSection(ProjectConfigurationPlatforms) = postSolution
		{A6A28E51-0937-4D42-BFAE-5BAA3C4DD1C5}.Debug|Any CPU.ActiveCfg = Debug|Any CPU
		{A6A28E51-0937-4D42-BFAE-5BAA3C4DD1C5}.Debug|Any CPU.Build.0 = Debug|Any CPU
		{A6A28E51-0937-4D42-BFAE-5BAA3C4DD1C5}.Release|Any CPU.ActiveCfg = Release|Any CPU
		{A6A28E51-0937-4D42-BFAE-5BAA3C4DD1C5}.Release|Any CPU.Build.0 = Release|Any CPU
	EndGlobalSection
	GlobalSection(SolutionProperties) = preSolution
		HideSolutionNode = FALSE
	EndGlobalSection
	GlobalSection(ExtensibilityGlobals) = postSolution
		SolutionGuid = {DAE44119-C39F-4D87-BD8B-62A7732B95B0}
	EndGlobalSection
EndGlobal
